
Microsoft Visual Studio Solution File, Format Version 12.00
# Visual Studio 15
Project("{FAE04EC0-301F-11D3-BF4B-00C04F79EFBC}") = "Assembly-CSharp", "Assembly-CSharp.csproj", "{A7E09219-95A2-5E25-A9DB-05B9F4255168}"
EndProject
Project("{FAE04EC0-301F-11D3-BF4B-00C04F79EFBC}") = "Assembly-CSharp-firstpass", "Assembly-CSharp-firstpass.csproj", "{7A5C246E-5CF2-0AC9-11F6-E890133A4B25}"
EndProject
Global
	GlobalSection(SolutionConfigurationPlatforms) = preSolution
		Debug|Any CPU = Debug|Any CPU
		Release|Any CPU = Release|Any CPU
	EndGlobalSection
	GlobalSection(ProjectConfigurationPlatforms) = postSolution
		{A7E09219-95A2-5E25-A9DB-05B9F4255168}.Debug|Any CPU.ActiveCfg = Debug|Any CPU
		{A7E09219-95A2-5E25-A9DB-05B9F4255168}.Debug|Any CPU.Build.0 = Debug|Any CPU
		{A7E09219-95A2-5E25-A9DB-05B9F4255168}.Release|Any CPU.ActiveCfg = Release|Any CPU
		{A7E09219-95A2-5E25-A9DB-05B9F4255168}.Release|Any CPU.Build.0 = Release|Any CPU
		{7A5C246E-5CF2-0AC9-11F6-E890133A4B25}.Debug|Any CPU.ActiveCfg = Debug|Any CPU
		{7A5C246E-5CF2-0AC9-11F6-E890133A4B25}.Debug|Any CPU.Build.0 = Debug|Any CPU
		{7A5C246E-5CF2-0AC9-11F6-E890133A4B25}.Release|Any CPU.ActiveCfg = Release|Any CPU
		{7A5C246E-5CF2-0AC9-11F6-E890133A4B25}.Release|Any CPU.Build.0 = Release|Any CPU
	EndGlobalSection
	GlobalSection(SolutionProperties) = preSolution
		HideSolutionNode = FALSE
	EndGlobalSection
EndGlobal
